// !$*UTF8*$!
{
	archiveVersion = 1;
	classes = {
	};
	objectVersion = 55;
	objects = {

/* Begin PBXBuildFile section */
		FB099DD92733DD3A0035AC30 /* AppDelegate.swift in Sources */ = {isa = PBXBuildFile; fileRef = FB099DD82733DD3A0035AC30 /* AppDelegate.swift */; };
		FB099DDB2733DD3A0035AC30 /* SceneDelegate.swift in Sources */ = {isa = PBXBuildFile; fileRef = FB099DDA2733DD3A0035AC30 /* SceneDelegate.swift */; };
		FB099DDD2733DD3A0035AC30 /* ViewController.swift in Sources */ = {isa = PBXBuildFile; fileRef = FB099DDC2733DD3A0035AC30 /* ViewController.swift */; };
		FB099DE02733DD3A0035AC30 /* Main.storyboard in Resources */ = {isa = PBXBuildFile; fileRef = FB099DDE2733DD3A0035AC30 /* Main.storyboard */; };
		FB099DE32733DD3A0035AC30 /* MapKit_TravelBook.xcdatamodeld in Sources */ = {isa = PBXBuildFile; fileRef = FB099DE12733DD3A0035AC30 /* MapKit_TravelBook.xcdatamodeld */; };
		FB099DE52733DD3C0035AC30 /* Assets.xcassets in Resources */ = {isa = PBXBuildFile; fileRef = FB099DE42733DD3C0035AC30 /* Assets.xcassets */; };
		FB099DE82733DD3C0035AC30 /* LaunchScreen.storyboard in Resources */ = {isa = PBXBuildFile; fileRef = FB099DE62733DD3C0035AC30 /* LaunchScreen.storyboard */; };
		FB099DF32733DD3C0035AC30 /* MapKit_TravelBookTests.swift in Sources */ = {isa = PBXBuildFile; fileRef = FB099DF22733DD3C0035AC30 /* MapKit_TravelBookTests.swift */; };
		FB099DFD2733DD3C0035AC30 /* MapKit_TravelBookUITests.swift in Sources */ = {isa = PBXBuildFile; fileRef = FB099DFC2733DD3C0035AC30 /* MapKit_TravelBookUITests.swift */; };
		FB099DFF2733DD3C0035AC30 /* MapKit_TravelBookUITestsLaunchTests.swift in Sources */ = {isa = PBXBuildFile; fileRef = FB099DFE2733DD3C0035AC30 /* MapKit_TravelBookUITestsLaunchTests.swift */; };
/* End PBXBuildFile section */

/* Begin PBXContainerItemProxy section */
		FB099DEF2733DD3C0035AC30 /* PBXContainerItemProxy */ = {
			isa = PBXContainerItemProxy;
			containerPortal = FB099DCD2733DD3A0035AC30 /* Project object */;
			proxyType = 1;
			remoteGlobalIDString = FB099DD42733DD3A0035AC30;
			remoteInfo = "MapKit-TravelBook";
		};
		FB099DF92733DD3C0035AC30 /* PBXContainerItemProxy */ = {
			isa = PBXContainerItemProxy;
			containerPortal = FB099DCD2733DD3A0035AC30 /* Project object */;
			proxyType = 1;
			remoteGlobalIDString = FB099DD42733DD3A0035AC30;
			remoteInfo = "MapKit-TravelBook";
		};
/* End PBXContainerItemProxy section */

/* Begin PBXFileReference section */
		FB099DD52733DD3A0035AC30 /* MapKit-TravelBook.app */ = {isa = PBXFileReference; explicitFileType = wrapper.application; includeInIndex = 0; path = "MapKit-TravelBook.app"; sourceTree = BUILT_PRODUCTS_DIR; };
		FB099DD82733DD3A0035AC30 /* AppDelegate.swift */ = {isa = PBXFileReference; lastKnownFileType = sourcecode.swift; path = AppDelegate.swift; sourceTree = "<group>"; };
		FB099DDA2733DD3A0035AC30 /* SceneDelegate.swift */ = {isa = PBXFileReference; lastKnownFileType = sourcecode.swift; path = SceneDelegate.swift; sourceTree = "<group>"; };
		FB099DDC2733DD3A0035AC30 /* ViewController.swift */ = {isa = PBXFileReference; lastKnownFileType = sourcecode.swift; path = ViewController.swift; sourceTree = "<group>"; };
		FB099DDF2733DD3A0035AC30 /* Base */ = {isa = PBXFileReference; lastKnownFileType = file.storyboard; name = Base; path = Base.lproj/Main.storyboard; sourceTree = "<group>"; };
		FB099DE22733DD3A0035AC30 /* MapKit_TravelBook.xcdatamodel */ = {isa = PBXFileReference; lastKnownFileType = wrapper.xcdatamodel; path = MapKit_TravelBook.xcdatamodel; sourceTree = "<group>"; };
		FB099DE42733DD3C0035AC30 /* Assets.xcassets */ = {isa = PBXFileReference; lastKnownFileType = folder.assetcatalog; path = Assets.xcassets; sourceTree = "<group>"; };
		FB099DE72733DD3C0035AC30 /* Base */ = {isa = PBXFileReference; lastKnownFileType = file.storyboard; name = Base; path = Base.lproj/LaunchScreen.storyboard; sourceTree = "<group>"; };
		FB099DE92733DD3C0035AC30 /* Info.plist */ = {isa = PBXFileReference; lastKnownFileType = text.plist.xml; path = Info.plist; sourceTree = "<group>"; };
		FB099DEE2733DD3C0035AC30 /* MapKit-TravelBookTests.xctest */ = {isa = PBXFileReference; explicitFileType = wrapper.cfbundle; includeInIndex = 0; path = "MapKit-TravelBookTests.xctest"; sourceTree = BUILT_PRODUCTS_DIR; };
		FB099DF22733DD3C0035AC30 /* MapKit_TravelBookTests.swift */ = {isa = PBXFileReference; lastKnownFileType = sourcecode.swift; path = MapKit_TravelBookTests.swift; sourceTree = "<group>"; };
		FB099DF82733DD3C0035AC30 /* MapKit-TravelBookUITests.xctest */ = {isa = PBXFileReference; explicitFileType = wrapper.cfbundle; includeInIndex = 0; path = "MapKit-TravelBookUITests.xctest"; sourceTree = BUILT_PRODUCTS_DIR; };
		FB099DFC2733DD3C0035AC30 /* MapKit_TravelBookUITests.swift */ = {isa = PBXFileReference; lastKnownFileType = sourcecode.swift; path = MapKit_TravelBookUITests.swift; sourceTree = "<group>"; };
		FB099DFE2733DD3C0035AC30 /* MapKit_TravelBookUITestsLaunchTests.swift */ = {isa = PBXFileReference; lastKnownFileType = sourcecode.swift; path = MapKit_TravelBookUITestsLaunchTests.swift; sourceTree = "<group>"; };
/* End PBXFileReference section */

/* Begin PBXFrameworksBuildPhase section */
		FB099DD22733DD3A0035AC30 /* Frameworks */ = {
			isa = PBXFrameworksBuildPhase;
			buildActionMask = 2147483647;
			files = (
			);
			runOnlyForDeploymentPostprocessing = 0;
		};
		FB099DEB2733DD3C0035AC30 /* Frameworks */ = {
			isa = PBXFrameworksBuildPhase;
			buildActionMask = 2147483647;
			files = (
			);
			runOnlyForDeploymentPostprocessing = 0;
		};
		FB099DF52733DD3C0035AC30 /* Frameworks */ = {
			isa = PBXFrameworksBuildPhase;
			buildActionMask = 2147483647;
			files = (
			);
			runOnlyForDeploymentPostprocessing = 0;
		};
/* End PBXFrameworksBuildPhase section */

/* Begin PBXGroup section */
		FB099DCC2733DD3A0035AC30 = {
			isa = PBXGroup;
			children = (
				FB099DD72733DD3A0035AC30 /* MapKit-TravelBook */,
				FB099DF12733DD3C0035AC30 /* MapKit-TravelBookTests */,
				FB099DFB2733DD3C0035AC30 /* MapKit-TravelBookUITests */,
				FB099DD62733DD3A0035AC30 /* Products */,
			);
			sourceTree = "<group>";
		};
		FB099DD62733DD3A0035AC30 /* Products */ = {
			isa = PBXGroup;
			children = (
				FB099DD52733DD3A0035AC30 /* MapKit-TravelBook.app */,
				FB099DEE2733DD3C0035AC30 /* MapKit-TravelBookTests.xctest */,
				FB099DF82733DD3C0035AC30 /* MapKit-TravelBookUITests.xctest */,
			);
			name = Products;
			sourceTree = "<group>";
		};
		FB099DD72733DD3A0035AC30 /* MapKit-TravelBook */ = {
			isa = PBXGroup;
			children = (
				FB099DD82733DD3A0035AC30 /* AppDelegate.swift */,
				FB099DDA2733DD3A0035AC30 /* SceneDelegate.swift */,
				FB099DDC2733DD3A0035AC30 /* ViewController.swift */,
				FB099DDE2733DD3A0035AC30 /* Main.storyboard */,
				FB099DE42733DD3C0035AC30 /* Assets.xcassets */,
				FB099DE62733DD3C0035AC30 /* LaunchScreen.storyboard */,
				FB099DE92733DD3C0035AC30 /* Info.plist */,
				FB099DE12733DD3A0035AC30 /* MapKit_TravelBook.xcdatamodeld */,
			);
			path = "MapKit-TravelBook";
			sourceTree = "<group>";
		};
		FB099DF12733DD3C0035AC30 /* MapKit-TravelBookTests */ = {
			isa = PBXGroup;
			children = (
				FB099DF22733DD3C0035AC30 /* MapKit_TravelBookTests.swift */,
			);
			path = "MapKit-TravelBookTests";
			sourceTree = "<group>";
		};
		FB099DFB2733DD3C0035AC30 /* MapKit-TravelBookUITests */ = {
			isa = PBXGroup;
			children = (
				FB099DFC2733DD3C0035AC30 /* MapKit_TravelBookUITests.swift */,
				FB099DFE2733DD3C0035AC30 /* MapKit_TravelBookUITestsLaunchTests.swift */,
			);
			path = "MapKit-TravelBookUITests";
			sourceTree = "<group>";
		};
/* End PBXGroup section */

/* Begin PBXNativeTarget section */
		FB099DD42733DD3A0035AC30 /* MapKit-TravelBook */ = {
			isa = PBXNativeTarget;
			buildConfigurationList = FB099E022733DD3C0035AC30 /* Build configuration list for PBXNativeTarget "MapKit-TravelBook" */;
			buildPhases = (
				FB099DD12733DD3A0035AC30 /* Sources */,
				FB099DD22733DD3A0035AC30 /* Frameworks */,
				FB099DD32733DD3A0035AC30 /* Resources */,
			);
			buildRules = (
			);
			dependencies = (
			);
			name = "MapKit-TravelBook";
			productName = "MapKit-TravelBook";
			productReference = FB099DD52733DD3A0035AC30 /* MapKit-TravelBook.app */;
			productType = "com.apple.product-type.application";
		};
		FB099DED2733DD3C0035AC30 /* MapKit-TravelBookTests */ = {
			isa = PBXNativeTarget;
			buildConfigurationList = FB099E052733DD3C0035AC30 /* Build configuration list for PBXNativeTarget "MapKit-TravelBookTests" */;
			buildPhases = (
				FB099DEA2733DD3C0035AC30 /* Sources */,
				FB099DEB2733DD3C0035AC30 /* Frameworks */,
				FB099DEC2733DD3C0035AC30 /* Resources */,
			);
			buildRules = (
			);
			dependencies = (
				FB099DF02733DD3C0035AC30 /* PBXTargetDependency */,
			);
			name = "MapKit-TravelBookTests";
			productName = "MapKit-TravelBookTests";
			productReference = FB099DEE2733DD3C0035AC30 /* MapKit-TravelBookTests.xctest */;
			productType = "com.apple.product-type.bundle.unit-test";
		};
		FB099DF72733DD3C0035AC30 /* MapKit-TravelBookUITests */ = {
			isa = PBXNativeTarget;
			buildConfigurationList = FB099E082733DD3C0035AC30 /* Build configuration list for PBXNativeTarget "MapKit-TravelBookUITests" */;
			buildPhases = (
				FB099DF42733DD3C0035AC30 /* Sources */,
				FB099DF52733DD3C0035AC30 /* Frameworks */,
				FB099DF62733DD3C0035AC30 /* Resources */,
			);
			buildRules = (
			);
			dependencies = (
				FB099DFA2733DD3C0035AC30 /* PBXTargetDependency */,
			);
			name = "MapKit-TravelBookUITests";
			productName = "MapKit-TravelBookUITests";
			productReference = FB099DF82733DD3C0035AC30 /* MapKit-TravelBookUITests.xctest */;
			productType = "com.apple.product-type.bundle.ui-testing";
		};
/* End PBXNativeTarget section */

/* Begin PBXProject section */
		FB099DCD2733DD3A0035AC30 /* Project object */ = {
			isa = PBXProject;
			attributes = {
				BuildIndependentTargetsInParallel = 1;
				LastSwiftUpdateCheck = 1300;
				LastUpgradeCheck = 1300;
				TargetAttributes = {
					FB099DD42733DD3A0035AC30 = {
						CreatedOnToolsVersion = 13.0;
					};
					FB099DED2733DD3C0035AC30 = {
						CreatedOnToolsVersion = 13.0;
						TestTargetID = FB099DD42733DD3A0035AC30;
					};
					FB099DF72733DD3C0035AC30 = {
						CreatedOnToolsVersion = 13.0;
						TestTargetID = FB099DD42733DD3A0035AC30;
					};
				};
			};
			buildConfigurationList = FB099DD02733DD3A0035AC30 /* Build configuration list for PBXProject "MapKit-TravelBook" */;
			compatibilityVersion = "Xcode 13.0";
			developmentRegion = en;
			hasScannedForEncodings = 0;
			knownRegions = (
				en,
				Base,
			);
			mainGroup = FB099DCC2733DD3A0035AC30;
			productRefGroup = FB099DD62733DD3A0035AC30 /* Products */;
			projectDirPath = "";
			projectRoot = "";
			targets = (
				FB099DD42733DD3A0035AC30 /* MapKit-TravelBook */,
				FB099DED2733DD3C0035AC30 /* MapKit-TravelBookTests */,
				FB099DF72733DD3C0035AC30 /* MapKit-TravelBookUITests */,
			);
		};
/* End PBXProject section */

/* Begin PBXResourcesBuildPhase section */
		FB099DD32733DD3A0035AC30 /* Resources */ = {
			isa = PBXResourcesBuildPhase;
			buildActionMask = 2147483647;
			files = (
				FB099DE82733DD3C0035AC30 /* LaunchScreen.storyboard in Resources */,
				FB099DE52733DD3C0035AC30 /* Assets.xcassets in Resources */,
				FB099DE02733DD3A0035AC30 /* Main.storyboard in Resources */,
			);
			runOnlyForDeploymentPostprocessing = 0;
		};
		FB099DEC2733DD3C0035AC30 /* Resources */ = {
			isa = PBXResourcesBuildPhase;
			buildActionMask = 2147483647;
			files = (
			);
			runOnlyForDeploymentPostprocessing = 0;
		};
		FB099DF62733DD3C0035AC30 /* Resources */ = {
			isa = PBXResourcesBuildPhase;
			buildActionMask = 2147483647;
			files = (
			);
			runOnlyForDeploymentPostprocessing = 0;
		};
/* End PBXResourcesBuildPhase section */

/* Begin PBXSourcesBuildPhase section */
		FB099DD12733DD3A0035AC30 /* Sources */ = {
			isa = PBXSourcesBuildPhase;
			buildActionMask = 2147483647;
			files = (
				FB099DE32733DD3A0035AC30 /* MapKit_TravelBook.xcdatamodeld in Sources */,
				FB099DDD2733DD3A0035AC30 /* ViewController.swift in Sources */,
				FB099DD92733DD3A0035AC30 /* AppDelegate.swift in Sources */,
				FB099DDB2733DD3A0035AC30 /* SceneDelegate.swift in Sources */,
			);
			runOnlyForDeploymentPostprocessing = 0;
		};
		FB099DEA2733DD3C0035AC30 /* Sources */ = {
			isa = PBXSourcesBuildPhase;
			buildActionMask = 2147483647;
			files = (
				FB099DF32733DD3C0035AC30 /* MapKit_TravelBookTests.swift in Sources */,
			);
			runOnlyForDeploymentPostprocessing = 0;
		};
		FB099DF42733DD3C0035AC30 /* Sources */ = {
			isa = PBXSourcesBuildPhase;
			buildActionMask = 2147483647;
			files = (
				FB099DFD2733DD3C0035AC30 /* MapKit_TravelBookUITests.swift in Sources */,
				FB099DFF2733DD3C0035AC30 /* MapKit_TravelBookUITestsLaunchTests.swift in Sources */,
			);
			runOnlyForDeploymentPostprocessing = 0;
		};
/* End PBXSourcesBuildPhase section */

/* Begin PBXTargetDependency section */
		FB099DF02733DD3C0035AC30 /* PBXTargetDependency */ = {
			isa = PBXTargetDependency;
			target = FB099DD42733DD3A0035AC30 /* MapKit-TravelBook */;
			targetProxy = FB099DEF2733DD3C0035AC30 /* PBXContainerItemProxy */;
		};
		FB099DFA2733DD3C0035AC30 /* PBXTargetDependency */ = {
			isa = PBXTargetDependency;
			target = FB099DD42733DD3A0035AC30 /* MapKit-TravelBook */;
			targetProxy = FB099DF92733DD3C0035AC30 /* PBXContainerItemProxy */;
		};
/* End PBXTargetDependency section */

/* Begin PBXVariantGroup section */
		FB099DDE2733DD3A0035AC30 /* Main.storyboard */ = {
			isa = PBXVariantGroup;
			children = (
				FB099DDF2733DD3A0035AC30 /* Base */,
			);
			name = Main.storyboard;
			sourceTree = "<group>";
		};
		FB099DE62733DD3C0035AC30 /* LaunchScreen.storyboard */ = {
			isa = PBXVariantGroup;
			children = (
				FB099DE72733DD3C0035AC30 /* Base */,
			);
			name = LaunchScreen.storyboard;
			sourceTree = "<group>";
		};
/* End PBXVariantGroup section */

/* Begin XCBuildConfiguration section */
		FB099E002733DD3C0035AC30 /* Debug */ = {
			isa = XCBuildConfiguration;
			buildSettings = {
				ALWAYS_SEARCH_USER_PATHS = NO;
				CLANG_ANALYZER_NONNULL = YES;
				CLANG_ANALYZER_NUMBER_OBJECT_CONVERSION = YES_AGGRESSIVE;
				CLANG_CXX_LANGUAGE_STANDARD = "gnu++17";
				CLANG_CXX_LIBRARY = "libc++";
				CLANG_ENABLE_MODULES = YES;
				CLANG_ENABLE_OBJC_ARC = YES;
				CLANG_ENABLE_OBJC_WEAK = YES;
				CLANG_WARN_BLOCK_CAPTURE_AUTORELEASING = YES;
				CLANG_WARN_BOOL_CONVERSION = YES;
				CLANG_WARN_COMMA = YES;
				CLANG_WARN_CONSTANT_CONVERSION = YES;
				CLANG_WARN_DEPRECATED_OBJC_IMPLEMENTATIONS = YES;
				CLANG_WARN_DIRECT_OBJC_ISA_USAGE = YES_ERROR;
				CLANG_WARN_DOCUMENTATION_COMMENTS = YES;
				CLANG_WARN_EMPTY_BODY = YES;
				CLANG_WARN_ENUM_CONVERSION = YES;
				CLANG_WARN_INFINITE_RECURSION = YES;
				CLANG_WARN_INT_CONVERSION = YES;
				CLANG_WARN_NON_LITERAL_NULL_CONVERSION = YES;
				CLANG_WARN_OBJC_IMPLICIT_RETAIN_SELF = YES;
				CLANG_WARN_OBJC_LITERAL_CONVERSION = YES;
				CLANG_WARN_OBJC_ROOT_CLASS = YES_ERROR;
				CLANG_WARN_QUOTED_INCLUDE_IN_FRAMEWORK_HEADER = YES;
				CLANG_WARN_RANGE_LOOP_ANALYSIS = YES;
				CLANG_WARN_STRICT_PROTOTYPES = YES;
				CLANG_WARN_SUSPICIOUS_MOVE = YES;
				CLANG_WARN_UNGUARDED_AVAILABILITY = YES_AGGRESSIVE;
				CLANG_WARN_UNREACHABLE_CODE = YES;
				CLANG_WARN__DUPLICATE_METHOD_MATCH = YES;
				COPY_PHASE_STRIP = NO;
				DEBUG_INFORMATION_FORMAT = dwarf;
				ENABLE_STRICT_OBJC_MSGSEND = YES;
				ENABLE_TESTABILITY = YES;
				GCC_C_LANGUAGE_STANDARD = gnu11;
				GCC_DYNAMIC_NO_PIC = NO;
				GCC_NO_COMMON_BLOCKS = YES;
				GCC_OPTIMIZATION_LEVEL = 0;
				GCC_PREPROCESSOR_DEFINITIONS = (
					"DEBUG=1",
					"$(inherited)",
				);
				GCC_WARN_64_TO_32_BIT_CONVERSION = YES;
				GCC_WARN_ABOUT_RETURN_TYPE = YES_ERROR;
				GCC_WARN_UNDECLARED_SELECTOR = YES;
				GCC_WARN_UNINITIALIZED_AUTOS = YES_AGGRESSIVE;
				GCC_WARN_UNUSED_FUNCTION = YES;
				GCC_WARN_UNUSED_VARIABLE = YES;
				IPHONEOS_DEPLOYMENT_TARGET = 15.0;
				MTL_ENABLE_DEBUG_INFO = INCLUDE_SOURCE;
				MTL_FAST_MATH = YES;
				ONLY_ACTIVE_ARCH = YES;
				SDKROOT = iphoneos;
				SWIFT_ACTIVE_COMPILATION_CONDITIONS = DEBUG;
				SWIFT_OPTIMIZATION_LEVEL = "-Onone";
			};
			name = Debug;
		};
		FB099E012733DD3C0035AC30 /* Release */ = {
			isa = XCBuildConfiguration;
			buildSettings = {
				ALWAYS_SEARCH_USER_PATHS = NO;
				CLANG_ANALYZER_NONNULL = YES;
				CLANG_ANALYZER_NUMBER_OBJECT_CONVERSION = YES_AGGRESSIVE;
				CLANG_CXX_LANGUAGE_STANDARD = "gnu++17";
				CLANG_CXX_LIBRARY = "libc++";
				CLANG_ENABLE_MODULES = YES;
				CLANG_ENABLE_OBJC_ARC = YES;
				CLANG_ENABLE_OBJC_WEAK = YES;
				CLANG_WARN_BLOCK_CAPTURE_AUTORELEASING = YES;
				CLANG_WARN_BOOL_CONVERSION = YES;
				CLANG_WARN_COMMA = YES;
				CLANG_WARN_CONSTANT_CONVERSION = YES;
				CLANG_WARN_DEPRECATED_OBJC_IMPLEMENTATIONS = YES;
				CLANG_WARN_DIRECT_OBJC_ISA_USAGE = YES_ERROR;
				CLANG_WARN_DOCUMENTATION_COMMENTS = YES;
				CLANG_WARN_EMPTY_BODY = YES;
				CLANG_WARN_ENUM_CONVERSION = YES;
				CLANG_WARN_INFINITE_RECURSION = YES;
				CLANG_WARN_INT_CONVERSION = YES;
				CLANG_WARN_NON_LITERAL_NULL_CONVERSION = YES;
				CLANG_WARN_OBJC_IMPLICIT_RETAIN_SELF = YES;
				CLANG_WARN_OBJC_LITERAL_CONVERSION = YES;
				CLANG_WARN_OBJC_ROOT_CLASS = YES_ERROR;
				CLANG_WARN_QUOTED_INCLUDE_IN_FRAMEWORK_HEADER = YES;
				CLANG_WARN_RANGE_LOOP_ANALYSIS = YES;
				CLANG_WARN_STRICT_PROTOTYPES = YES;
				CLANG_WARN_SUSPICIOUS_MOVE = YES;
				CLANG_WARN_UNGUARDED_AVAILABILITY = YES_AGGRESSIVE;
				CLANG_WARN_UNREACHABLE_CODE = YES;
				CLANG_WARN__DUPLICATE_METHOD_MATCH = YES;
				COPY_PHASE_STRIP = NO;
				DEBUG_INFORMATION_FORMAT = "dwarf-with-dsym";
				ENABLE_NS_ASSERTIONS = NO;
				ENABLE_STRICT_OBJC_MSGSEND = YES;
				GCC_C_LANGUAGE_STANDARD = gnu11;
				GCC_NO_COMMON_BLOCKS = YES;
				GCC_WARN_64_TO_32_BIT_CONVERSION = YES;
				GCC_WARN_ABOUT_RETURN_TYPE = YES_ERROR;
				GCC_WARN_UNDECLARED_SELECTOR = YES;
				GCC_WARN_UNINITIALIZED_AUTOS = YES_AGGRESSIVE;
				GCC_WARN_UNUSED_FUNCTION = YES;
				GCC_WARN_UNUSED_VARIABLE = YES;
				IPHONEOS_DEPLOYMENT_TARGET = 15.0;
				MTL_ENABLE_DEBUG_INFO = NO;
				MTL_FAST_MATH = YES;
				SDKROOT = iphoneos;
				SWIFT_COMPILATION_MODE = wholemodule;
				SWIFT_OPTIMIZATION_LEVEL = "-O";
				VALIDATE_PRODUCT = YES;
			};
			name = Release;
		};
		FB099E032733DD3C0035AC30 /* Debug */ = {
			isa = XCBuildConfiguration;
			buildSettings = {
				ASSETCATALOG_COMPILER_APPICON_NAME = AppIcon;
				ASSETCATALOG_COMPILER_GLOBAL_ACCENT_COLOR_NAME = AccentColor;
				CODE_SIGN_STYLE = Automatic;
				CURRENT_PROJECT_VERSION = 1;
				DEVELOPMENT_TEAM = M4TKS3Q272;
				GENERATE_INFOPLIST_FILE = YES;
				INFOPLIST_FILE = "MapKit-TravelBook/Info.plist";
				INFOPLIST_KEY_UIApplicationSupportsIndirectInputEvents = YES;
				INFOPLIST_KEY_UILaunchStoryboardName = LaunchScreen;
				INFOPLIST_KEY_UIMainStoryboardFile = Main;
				INFOPLIST_KEY_UISupportedInterfaceOrientations_iPad = "UIInterfaceOrientationPortrait UIInterfaceOrientationPortraitUpsideDown UIInterfaceOrientationLandscapeLeft UIInterfaceOrientationLandscapeRight";
				INFOPLIST_KEY_UISupportedInterfaceOrientations_iPhone = "UIInterfaceOrientationPortrait UIInterfaceOrientationLandscapeLeft UIInterfaceOrientationLandscapeRight";
				LD_RUNPATH_SEARCH_PATHS = (
					"$(inherited)",
					"@executable_path/Frameworks",
				);
				MARKETING_VERSION = 1.0;
				PRODUCT_BUNDLE_IDENTIFIER = "firstapp.MapKit-TravelBook";
				PRODUCT_NAME = "$(TARGET_NAME)";
				SWIFT_EMIT_LOC_STRINGS = YES;
				SWIFT_VERSION = 5.0;
				TARGETED_DEVICE_FAMILY = "1,2";
			};
			name = Debug;
		};
		FB099E042733DD3C0035AC30 /* Release */ = {
			isa = XCBuildConfiguration;
			buildSettings = {
				ASSETCATALOG_COMPILER_APPICON_NAME = AppIcon;
				ASSETCATALOG_COMPILER_GLOBAL_ACCENT_COLOR_NAME = AccentColor;
				CODE_SIGN_STYLE = Automatic;
				CURRENT_PROJECT_VERSION = 1;
				DEVELOPMENT_TEAM = M4TKS3Q272;
				GENERATE_INFOPLIST_FILE = YES;
				INFOPLIST_FILE = "MapKit-TravelBook/Info.plist";
				INFOPLIST_KEY_UIApplicationSupportsIndirectInputEvents = YES;
				INFOPLIST_KEY_UILaunchStoryboardName = LaunchScreen;
				INFOPLIST_KEY_UIMainStoryboardFile = Main;
				INFOPLIST_KEY_UISupportedInterfaceOrientations_iPad = "UIInterfaceOrientationPortrait UIInterfaceOrientationPortraitUpsideDown UIInterfaceOrientationLandscapeLeft UIInterfaceOrientationLandscapeRight";
				INFOPLIST_KEY_UISupportedInterfaceOrientations_iPhone = "UIInterfaceOrientationPortrait UIInterfaceOrientationLandscapeLeft UIInterfaceOrientationLandscapeRight";
				LD_RUNPATH_SEARCH_PATHS = (
					"$(inherited)",
					"@executable_path/Frameworks",
				);
				MARKETING_VERSION = 1.0;
				PRODUCT_BUNDLE_IDENTIFIER = "firstapp.MapKit-TravelBook";
				PRODUCT_NAME = "$(TARGET_NAME)";
				SWIFT_EMIT_LOC_STRINGS = YES;
				SWIFT_VERSION = 5.0;
				TARGETED_DEVICE_FAMILY = "1,2";
			};
			name = Release;
		};
		FB099E062733DD3C0035AC30 /* Debug */ = {
			isa = XCBuildConfiguration;
			buildSettings = {
				ALWAYS_EMBED_SWIFT_STANDARD_LIBRARIES = YES;
				BUNDLE_LOADER = "$(TEST_HOST)";
				CODE_SIGN_STYLE = Automatic;
				CURRENT_PROJECT_VERSION = 1;
				DEVELOPMENT_TEAM = M4TKS3Q272;
				GENERATE_INFOPLIST_FILE = YES;
				IPHONEOS_DEPLOYMENT_TARGET = 15.0;
				LD_RUNPATH_SEARCH_PATHS = (
					"$(inherited)",
					"@executable_path/Frameworks",
					"@loader_path/Frameworks",
				);
				MARKETING_VERSION = 1.0;
				PRODUCT_BUNDLE_IDENTIFIER = "firstapp.MapKit-TravelBookTests";
				PRODUCT_NAME = "$(TARGET_NAME)";
				SWIFT_EMIT_LOC_STRINGS = NO;
				SWIFT_VERSION = 5.0;
				TARGETED_DEVICE_FAMILY = "1,2";
				TEST_HOST = "$(BUILT_PRODUCTS_DIR)/MapKit-TravelBook.app/MapKit-TravelBook";
			};
			name = Debug;
		};
		FB099E072733DD3C0035AC30 /* Release */ = {
			isa = XCBuildConfiguration;
			buildSettings = {
				ALWAYS_EMBED_SWIFT_STANDARD_LIBRARIES = YES;
				BUNDLE_LOADER = "$(TEST_HOST)";
				CODE_SIGN_STYLE = Automatic;
				CURRENT_PROJECT_VERSION = 1;
				DEVELOPMENT_TEAM = M4TKS3Q272;
				GENERATE_INFOPLIST_FILE = YES;
				IPHONEOS_DEPLOYMENT_TARGET = 15.0;
				LD_RUNPATH_SEARCH_PATHS = (
					"$(inherited)",
					"@executable_path/Frameworks",
					"@loader_path/Frameworks",
				);
				MARKETING_VERSION = 1.0;
				PRODUCT_BUNDLE_IDENTIFIER = "firstapp.MapKit-TravelBookTests";
				PRODUCT_NAME = "$(TARGET_NAME)";
				SWIFT_EMIT_LOC_STRINGS = NO;
				SWIFT_VERSION = 5.0;
				TARGETED_DEVICE_FAMILY = "1,2";
				TEST_HOST = "$(BUILT_PRODUCTS_DIR)/MapKit-TravelBook.app/MapKit-TravelBook";
			};
			name = Release;
		};
		FB099E092733DD3C0035AC30 /* Debug */ = {
			isa = XCBuildConfiguration;
			buildSettings = {
				ALWAYS_EMBED_SWIFT_STANDARD_LIBRARIES = YES;
				CODE_SIGN_STYLE = Automatic;
				CURRENT_PROJECT_VERSION = 1;
				DEVELOPMENT_TEAM = M4TKS3Q272;
				GENERATE_INFOPLIST_FILE = YES;
				LD_RUNPATH_SEARCH_PATHS = (
					"$(inherited)",
					"@executable_path/Frameworks",
					"@loader_path/Frameworks",
				);
				MARKETING_VERSION = 1.0;
				PRODUCT_BUNDLE_IDENTIFIER = "firstapp.MapKit-TravelBookUITests";
				PRODUCT_NAME = "$(TARGET_NAME)";
				SWIFT_EMIT_LOC_STRINGS = NO;
				SWIFT_VERSION = 5.0;
				TARGETED_DEVICE_FAMILY = "1,2";
				TEST_TARGET_NAME = "MapKit-TravelBook";
			};
			name = Debug;
		};
		FB099E0A2733DD3C0035AC30 /* Release */ = {
			isa = XCBuildConfiguration;
			buildSettings = {
				ALWAYS_EMBED_SWIFT_STANDARD_LIBRARIES = YES;
				CODE_SIGN_STYLE = Automatic;
				CURRENT_PROJECT_VERSION = 1;
				DEVELOPMENT_TEAM = M4TKS3Q272;
				GENERATE_INFOPLIST_FILE = YES;
				LD_RUNPATH_SEARCH_PATHS = (
					"$(inherited)",
					"@executable_path/Frameworks",
					"@loader_path/Frameworks",
				);
				MARKETING_VERSION = 1.0;
				PRODUCT_BUNDLE_IDENTIFIER = "firstapp.MapKit-TravelBookUITests";
				PRODUCT_NAME = "$(TARGET_NAME)";
				SWIFT_EMIT_LOC_STRINGS = NO;
				SWIFT_VERSION = 5.0;
				TARGETED_DEVICE_FAMILY = "1,2";
				TEST_TARGET_NAME = "MapKit-TravelBook";
			};
			name = Release;
		};
/* End XCBuildConfiguration section */

/* Begin XCConfigurationList section */
		FB099DD02733DD3A0035AC30 /* Build configuration list for PBXProject "MapKit-TravelBook" */ = {
			isa = XCConfigurationList;
			buildConfigurations = (
				FB099E002733DD3C0035AC30 /* Debug */,
				FB099E012733DD3C0035AC30 /* Release */,
			);
			defaultConfigurationIsVisible = 0;
			defaultConfigurationName = Release;
		};
		FB099E022733DD3C0035AC30 /* Build configuration list for PBXNativeTarget "MapKit-TravelBook" */ = {
			isa = XCConfigurationList;
			buildConfigurations = (
				FB099E032733DD3C0035AC30 /* Debug */,
				FB099E042733DD3C0035AC30 /* Release */,
			);
			defaultConfigurationIsVisible = 0;
			defaultConfigurationName = Release;
		};
		FB099E052733DD3C0035AC30 /* Build configuration list for PBXNativeTarget "MapKit-TravelBookTests" */ = {
			isa = XCConfigurationList;
			buildConfigurations = (
				FB099E062733DD3C0035AC30 /* Debug */,
				FB099E072733DD3C0035AC30 /* Release */,
			);
			defaultConfigurationIsVisible = 0;
			defaultConfigurationName = Release;
		};
		FB099E082733DD3C0035AC30 /* Build configuration list for PBXNativeTarget "MapKit-TravelBookUITests" */ = {
			isa = XCConfigurationList;
			buildConfigurations = (
				FB099E092733DD3C0035AC30 /* Debug */,
				FB099E0A2733DD3C0035AC30 /* Release */,
			);
			defaultConfigurationIsVisible = 0;
			defaultConfigurationName = Release;
		};
/* End XCConfigurationList section */

/* Begin XCVersionGroup section */
		FB099DE12733DD3A0035AC30 /* MapKit_TravelBook.xcdatamodeld */ = {
			isa = XCVersionGroup;
			children = (
				FB099DE22733DD3A0035AC30 /* MapKit_TravelBook.xcdatamodel */,
			);
			currentVersion = FB099DE22733DD3A0035AC30 /* MapKit_TravelBook.xcdatamodel */;
			path = MapKit_TravelBook.xcdatamodeld;
			sourceTree = "<group>";
			versionGroupType = wrapper.xcdatamodel;
		};
/* End XCVersionGroup section */
	};
	rootObject = FB099DCD2733DD3A0035AC30 /* Project object */;
}
